
Microsoft Visual Studio Solution File, Format Version 12.00
# Visual Studio Version 17
VisualStudioVersion = 17.9.34728.123
MinimumVisualStudioVersion = 10.0.40219.1
Project("{FAE04EC0-301F-11D3-BF4B-00C04F79EFBC}") = "EjerFor1", "EjerFor1\EjerFor1.csproj", "{DBCFE8EE-161B-429E-9EA4-A4119F7B946A}"
EndProject
Global
	GlobalSection(SolutionConfigurationPlatforms) = preSolution
		Debug|Any CPU = Debug|Any CPU
		Release|Any CPU = Release|Any CPU
	EndGlobalSection
	GlobalSection(ProjectConfigurationPlatforms) = postSolution
		{DBCFE8EE-161B-429E-9EA4-A4119F7B946A}.Debug|Any CPU.ActiveCfg = Debug|Any CPU
		{DBCFE8EE-161B-429E-9EA4-A4119F7B946A}.Debug|Any CPU.Build.0 = Debug|Any CPU
		{DBCFE8EE-161B-429E-9EA4-A4119F7B946A}.Release|Any CPU.ActiveCfg = Release|Any CPU
		{DBCFE8EE-161B-429E-9EA4-A4119F7B946A}.Release|Any CPU.Build.0 = Release|Any CPU
	EndGlobalSection
	GlobalSection(SolutionProperties) = preSolution
		HideSolutionNode = FALSE
	EndGlobalSection
	GlobalSection(ExtensibilityGlobals) = postSolution
		SolutionGuid = {AB2F0F3F-BDC5-4934-918A-8D43D2F0E28A}
	EndGlobalSection
EndGlobal
